
Microsoft Visual Studio Solution File, Format Version 12.00
# Visual Studio Version 16
VisualStudioVersion = 16.0.30320.27
MinimumVisualStudioVersion = 10.0.40219.1
Project("{FAE04EC0-301F-11D3-BF4B-00C04F79EFBC}") = "C_Sharp_CRUD_with_MySQL", "C_Sharp_CRUD_with_MySQL.csproj", "{707A069A-BBEB-498E-A5C9-743449C65C28}"
EndProject
Global
	GlobalSection(SolutionConfigurationPlatforms) = preSolution
		Debug|Any CPU = Debug|Any CPU
		Release|Any CPU = Release|Any CPU
	EndGlobalSection
	GlobalSection(ProjectConfigurationPlatforms) = postSolution
		{707A069A-BBEB-498E-A5C9-743449C65C28}.Debug|Any CPU.ActiveCfg = Debug|Any CPU
		{707A069A-BBEB-498E-A5C9-743449C65C28}.Debug|Any CPU.Build.0 = Debug|Any CPU
		{707A069A-BBEB-498E-A5C9-743449C65C28}.Release|Any CPU.ActiveCfg = Release|Any CPU
		{707A069A-BBEB-498E-A5C9-743449C65C28}.Release|Any CPU.Build.0 = Release|Any CPU
	EndGlobalSection
	GlobalSection(SolutionProperties) = preSolution
		HideSolutionNode = FALSE
	EndGlobalSection
	GlobalSection(ExtensibilityGlobals) = postSolution
		SolutionGuid = {37F93751-9B52-4233-B417-69DDC3152796}
	EndGlobalSection
EndGlobal
